// !$*UTF8*$!
{
	archiveVersion = 1;
	classes = {
	};
	objectVersion = 51;
	objects = {

/* Begin PBXBuildFile section */
		5B87D7CC2349FF5300501EE3 /* RxTest.framework in Frameworks */ = {isa = PBXBuildFile; fileRef = 5B87D7CA2349FF5300501EE3 /* RxTest.framework */; };
		5B87D7CD2349FF5300501EE3 /* RxBlocking.framework in Frameworks */ = {isa = PBXBuildFile; fileRef = 5B87D7CB2349FF5300501EE3 /* RxBlocking.framework */; };
		5BB189FF234375ED00E4136D /* AppDelegate.swift in Sources */ = {isa = PBXBuildFile; fileRef = 5BB189FE234375ED00E4136D /* AppDelegate.swift */; };
		5BB18A06234375EF00E4136D /* Assets.xcassets in Resources */ = {isa = PBXBuildFile; fileRef = 5BB18A05234375EF00E4136D /* Assets.xcassets */; };
		5BB18A09234375EF00E4136D /* LaunchScreen.storyboard in Resources */ = {isa = PBXBuildFile; fileRef = 5BB18A07234375EF00E4136D /* LaunchScreen.storyboard */; };
		5BB18A14234375EF00E4136D /* YouTuberBustersTests.swift in Sources */ = {isa = PBXBuildFile; fileRef = 5BB18A13234375EF00E4136D /* YouTuberBustersTests.swift */; };
		5BE177D823437F05008015BE /* BoringSSL-GRPC.framework in Frameworks */ = {isa = PBXBuildFile; fileRef = 5BE177CB23437F05008015BE /* BoringSSL-GRPC.framework */; };
		5BE177D923437F05008015BE /* gRPC-C++.framework in Frameworks */ = {isa = PBXBuildFile; fileRef = 5BE177CC23437F05008015BE /* gRPC-C++.framework */; };
		5BE177DA23437F05008015BE /* RxCocoa.framework in Frameworks */ = {isa = PBXBuildFile; fileRef = 5BE177CD23437F05008015BE /* RxCocoa.framework */; };
		5BE177DB23437F05008015BE /* RxSwift.framework in Frameworks */ = {isa = PBXBuildFile; fileRef = 5BE177CE23437F05008015BE /* RxSwift.framework */; };
		5BE177DC23437F05008015BE /* FirebaseFunctions.framework in Frameworks */ = {isa = PBXBuildFile; fileRef = 5BE177CF23437F05008015BE /* FirebaseFunctions.framework */; };
		5BE177DD23437F05008015BE /* Alamofire.framework in Frameworks */ = {isa = PBXBuildFile; fileRef = 5BE177D023437F05008015BE /* Alamofire.framework */; };
		5BE177DE23437F05008015BE /* Stripe.framework in Frameworks */ = {isa = PBXBuildFile; fileRef = 5BE177D123437F05008015BE /* Stripe.framework */; };
		5BE177DF23437F05008015BE /* leveldb-library.framework in Frameworks */ = {isa = PBXBuildFile; fileRef = 5BE177D223437F05008015BE /* leveldb-library.framework */; };
		5BE177E023437F05008015BE /* FirebaseFirestore.framework in Frameworks */ = {isa = PBXBuildFile; fileRef = 5BE177D323437F05008015BE /* FirebaseFirestore.framework */; };
		5BE177E123437F05008015BE /* RxRelay.framework in Frameworks */ = {isa = PBXBuildFile; fileRef = 5BE177D423437F05008015BE /* RxRelay.framework */; };
		5BE177E223437F05008015BE /* Protobuf.framework in Frameworks */ = {isa = PBXBuildFile; fileRef = 5BE177D523437F05008015BE /* Protobuf.framework */; };
		5BE177E323437F05008015BE /* gRPC-Core.framework in Frameworks */ = {isa = PBXBuildFile; fileRef = 5BE177D623437F05008015BE /* gRPC-Core.framework */; };
		5BE177E423437F05008015BE /* GTMSessionFetcher.framework in Frameworks */ = {isa = PBXBuildFile; fileRef = 5BE177D723437F05008015BE /* GTMSessionFetcher.framework */; };
		5BFBADE6235606A700261621 /* LaunchViewController.swift in Sources */ = {isa = PBXBuildFile; fileRef = 5BFBADE5235606A700261621 /* LaunchViewController.swift */; };
		5BFBADE8235606BC00261621 /* LaunchViewController.storyboard in Resources */ = {isa = PBXBuildFile; fileRef = 5BFBADE7235606BC00261621 /* LaunchViewController.storyboard */; };
		5BFBADEB235606E000261621 /* HomeViewController.storyboard in Resources */ = {isa = PBXBuildFile; fileRef = 5BFBADEA235606E000261621 /* HomeViewController.storyboard */; };
		5BFBADED235606F100261621 /* HomeViewController.swift in Sources */ = {isa = PBXBuildFile; fileRef = 5BFBADEC235606F100261621 /* HomeViewController.swift */; };
		5BFBADF12356073D00261621 /* TabBarViewController.swift in Sources */ = {isa = PBXBuildFile; fileRef = 5BFBADF02356073D00261621 /* TabBarViewController.swift */; };
		5BFBADF32356079900261621 /* HomeViewModel.swift in Sources */ = {isa = PBXBuildFile; fileRef = 5BFBADF22356079900261621 /* HomeViewModel.swift */; };
		5BFBADF6235607FB00261621 /* NSObjectProtcol+Extensions.swift in Sources */ = {isa = PBXBuildFile; fileRef = 5BFBADF5235607FB00261621 /* NSObjectProtcol+Extensions.swift */; };
		5BFBADF82356082200261621 /* UIStoryBoard+Extensions.swift in Sources */ = {isa = PBXBuildFile; fileRef = 5BFBADF72356082200261621 /* UIStoryBoard+Extensions.swift */; };
		5BFBADFD23560AB300261621 /* FirstViewController.swift in Sources */ = {isa = PBXBuildFile; fileRef = 5BFBADFC23560AB300261621 /* FirstViewController.swift */; };
		5BFBADFF23560AC400261621 /* FirstViewController.storyboard in Resources */ = {isa = PBXBuildFile; fileRef = 5BFBADFE23560AC400261621 /* FirstViewController.storyboard */; };
		5BFBAE0123560AD400261621 /* FirstViewModel.swift in Sources */ = {isa = PBXBuildFile; fileRef = 5BFBAE0023560AD400261621 /* FirstViewModel.swift */; };
		5BFBAE0323560BA200261621 /* SecondViewController.storyboard in Resources */ = {isa = PBXBuildFile; fileRef = 5BFBAE0223560BA200261621 /* SecondViewController.storyboard */; };
		5BFBAE0523560BBF00261621 /* SecondViewController.swift in Sources */ = {isa = PBXBuildFile; fileRef = 5BFBAE0423560BBF00261621 /* SecondViewController.swift */; };
		5BFBAE0723560BCC00261621 /* SecondViewModel.swift in Sources */ = {isa = PBXBuildFile; fileRef = 5BFBAE0623560BCC00261621 /* SecondViewModel.swift */; };
		5BFBAE0923560C2500261621 /* ThirdViewController.storyboard in Resources */ = {isa = PBXBuildFile; fileRef = 5BFBAE0823560C2500261621 /* ThirdViewController.storyboard */; };
		5BFBAE0B23560C3400261621 /* ThirdViewController.swift in Sources */ = {isa = PBXBuildFile; fileRef = 5BFBAE0A23560C3400261621 /* ThirdViewController.swift */; };
		5BFBAE0D23560C5B00261621 /* ThirdViewModel.swift in Sources */ = {isa = PBXBuildFile; fileRef = 5BFBAE0C23560C5B00261621 /* ThirdViewModel.swift */; };
		5BFBAE1023560CD700261621 /* ForthViewController.storyboard in Resources */ = {isa = PBXBuildFile; fileRef = 5BFBAE0F23560CD700261621 /* ForthViewController.storyboard */; };
		5BFBAE1223560CE300261621 /* ForthViewController.swift in Sources */ = {isa = PBXBuildFile; fileRef = 5BFBAE1123560CE300261621 /* ForthViewController.swift */; };
		5BFBAE1423560D1B00261621 /* ForthViewModel.swift in Sources */ = {isa = PBXBuildFile; fileRef = 5BFBAE1323560D1B00261621 /* ForthViewModel.swift */; };
		5BFBAE1A23561AF600261621 /* TabBarViewController.storyboard in Resources */ = {isa = PBXBuildFile; fileRef = 5BFBAE1923561AF600261621 /* TabBarViewController.storyboard */; };
/* End PBXBuildFile section */

/* Begin PBXContainerItemProxy section */
		5BB18A10234375EF00E4136D /* PBXContainerItemProxy */ = {
			isa = PBXContainerItemProxy;
			containerPortal = 5BB189F3234375ED00E4136D /* Project object */;
			proxyType = 1;
			remoteGlobalIDString = 5BB189FA234375ED00E4136D;
			remoteInfo = YouTuberBusters;
		};
/* End PBXContainerItemProxy section */

/* Begin PBXFileReference section */
		5B87D7C82349FE5600501EE3 /* testInput.xcfilelist */ = {isa = PBXFileReference; lastKnownFileType = text.xcfilelist; path = testInput.xcfilelist; sourceTree = "<group>"; };
		5B87D7C92349FE6800501EE3 /* testOutput.xcfilelist */ = {isa = PBXFileReference; lastKnownFileType = text.xcfilelist; path = testOutput.xcfilelist; sourceTree = "<group>"; };
		5B87D7CA2349FF5300501EE3 /* RxTest.framework */ = {isa = PBXFileReference; lastKnownFileType = wrapper.framework; name = RxTest.framework; path = Carthage/Build/iOS/RxTest.framework; sourceTree = "<group>"; };
		5B87D7CB2349FF5300501EE3 /* RxBlocking.framework */ = {isa = PBXFileReference; lastKnownFileType = wrapper.framework; name = RxBlocking.framework; path = Carthage/Build/iOS/RxBlocking.framework; sourceTree = "<group>"; };
		5BB189FB234375ED00E4136D /* YouTuberBusters.app */ = {isa = PBXFileReference; explicitFileType = wrapper.application; includeInIndex = 0; path = YouTuberBusters.app; sourceTree = BUILT_PRODUCTS_DIR; };
		5BB189FE234375ED00E4136D /* AppDelegate.swift */ = {isa = PBXFileReference; lastKnownFileType = sourcecode.swift; path = AppDelegate.swift; sourceTree = "<group>"; };
		5BB18A05234375EF00E4136D /* Assets.xcassets */ = {isa = PBXFileReference; lastKnownFileType = folder.assetcatalog; path = Assets.xcassets; sourceTree = "<group>"; };
		5BB18A08234375EF00E4136D /* Base */ = {isa = PBXFileReference; lastKnownFileType = file.storyboard; name = Base; path = Base.lproj/LaunchScreen.storyboard; sourceTree = "<group>"; };
		5BB18A0A234375EF00E4136D /* Info.plist */ = {isa = PBXFileReference; lastKnownFileType = text.plist.xml; path = Info.plist; sourceTree = "<group>"; };
		5BB18A0F234375EF00E4136D /* YouTuberBustersTests.xctest */ = {isa = PBXFileReference; explicitFileType = wrapper.cfbundle; includeInIndex = 0; path = YouTuberBustersTests.xctest; sourceTree = BUILT_PRODUCTS_DIR; };
		5BB18A13234375EF00E4136D /* YouTuberBustersTests.swift */ = {isa = PBXFileReference; lastKnownFileType = sourcecode.swift; path = YouTuberBustersTests.swift; sourceTree = "<group>"; };
		5BB18A15234375EF00E4136D /* Info.plist */ = {isa = PBXFileReference; lastKnownFileType = text.plist.xml; path = Info.plist; sourceTree = "<group>"; };
		5BE177CB23437F05008015BE /* BoringSSL-GRPC.framework */ = {isa = PBXFileReference; lastKnownFileType = wrapper.framework; name = "BoringSSL-GRPC.framework"; path = "Carthage/Build/iOS/BoringSSL-GRPC.framework"; sourceTree = "<group>"; };
		5BE177CC23437F05008015BE /* gRPC-C++.framework */ = {isa = PBXFileReference; lastKnownFileType = wrapper.framework; name = "gRPC-C++.framework"; path = "Carthage/Build/iOS/gRPC-C++.framework"; sourceTree = "<group>"; };
		5BE177CD23437F05008015BE /* RxCocoa.framework */ = {isa = PBXFileReference; lastKnownFileType = wrapper.framework; name = RxCocoa.framework; path = Carthage/Build/iOS/RxCocoa.framework; sourceTree = "<group>"; };
		5BE177CE23437F05008015BE /* RxSwift.framework */ = {isa = PBXFileReference; lastKnownFileType = wrapper.framework; name = RxSwift.framework; path = Carthage/Build/iOS/RxSwift.framework; sourceTree = "<group>"; };
		5BE177CF23437F05008015BE /* FirebaseFunctions.framework */ = {isa = PBXFileReference; lastKnownFileType = wrapper.framework; name = FirebaseFunctions.framework; path = Carthage/Build/iOS/FirebaseFunctions.framework; sourceTree = "<group>"; };
		5BE177D023437F05008015BE /* Alamofire.framework */ = {isa = PBXFileReference; lastKnownFileType = wrapper.framework; name = Alamofire.framework; path = Carthage/Build/iOS/Alamofire.framework; sourceTree = "<group>"; };
		5BE177D123437F05008015BE /* Stripe.framework */ = {isa = PBXFileReference; lastKnownFileType = wrapper.framework; name = Stripe.framework; path = Carthage/Build/iOS/Stripe.framework; sourceTree = "<group>"; };
		5BE177D223437F05008015BE /* leveldb-library.framework */ = {isa = PBXFileReference; lastKnownFileType = wrapper.framework; name = "leveldb-library.framework"; path = "Carthage/Build/iOS/leveldb-library.framework"; sourceTree = "<group>"; };
		5BE177D323437F05008015BE /* FirebaseFirestore.framework */ = {isa = PBXFileReference; lastKnownFileType = wrapper.framework; name = FirebaseFirestore.framework; path = Carthage/Build/iOS/FirebaseFirestore.framework; sourceTree = "<group>"; };
		5BE177D423437F05008015BE /* RxRelay.framework */ = {isa = PBXFileReference; lastKnownFileType = wrapper.framework; name = RxRelay.framework; path = Carthage/Build/iOS/RxRelay.framework; sourceTree = "<group>"; };
		5BE177D523437F05008015BE /* Protobuf.framework */ = {isa = PBXFileReference; lastKnownFileType = wrapper.framework; name = Protobuf.framework; path = Carthage/Build/iOS/Protobuf.framework; sourceTree = "<group>"; };
		5BE177D623437F05008015BE /* gRPC-Core.framework */ = {isa = PBXFileReference; lastKnownFileType = wrapper.framework; name = "gRPC-Core.framework"; path = "Carthage/Build/iOS/gRPC-Core.framework"; sourceTree = "<group>"; };
		5BE177D723437F05008015BE /* GTMSessionFetcher.framework */ = {isa = PBXFileReference; lastKnownFileType = wrapper.framework; name = GTMSessionFetcher.framework; path = Carthage/Build/iOS/GTMSessionFetcher.framework; sourceTree = "<group>"; };
		5BE177E623438030008015BE /* input.xcfilelist */ = {isa = PBXFileReference; lastKnownFileType = text.xcfilelist; path = input.xcfilelist; sourceTree = "<group>"; };
		5BE177E723438041008015BE /* output.xcfilelist */ = {isa = PBXFileReference; lastKnownFileType = text.xcfilelist; path = output.xcfilelist; sourceTree = "<group>"; };
		5BFBADE5235606A700261621 /* LaunchViewController.swift */ = {isa = PBXFileReference; lastKnownFileType = sourcecode.swift; path = LaunchViewController.swift; sourceTree = "<group>"; };
		5BFBADE7235606BC00261621 /* LaunchViewController.storyboard */ = {isa = PBXFileReference; lastKnownFileType = file.storyboard; path = LaunchViewController.storyboard; sourceTree = "<group>"; };
		5BFBADEA235606E000261621 /* HomeViewController.storyboard */ = {isa = PBXFileReference; lastKnownFileType = file.storyboard; path = HomeViewController.storyboard; sourceTree = "<group>"; };
		5BFBADEC235606F100261621 /* HomeViewController.swift */ = {isa = PBXFileReference; lastKnownFileType = sourcecode.swift; path = HomeViewController.swift; sourceTree = "<group>"; };
		5BFBADF02356073D00261621 /* TabBarViewController.swift */ = {isa = PBXFileReference; lastKnownFileType = sourcecode.swift; path = TabBarViewController.swift; sourceTree = "<group>"; };
		5BFBADF22356079900261621 /* HomeViewModel.swift */ = {isa = PBXFileReference; lastKnownFileType = sourcecode.swift; path = HomeViewModel.swift; sourceTree = "<group>"; };
		5BFBADF5235607FB00261621 /* NSObjectProtcol+Extensions.swift */ = {isa = PBXFileReference; lastKnownFileType = sourcecode.swift; path = "NSObjectProtcol+Extensions.swift"; sourceTree = "<group>"; };
		5BFBADF72356082200261621 /* UIStoryBoard+Extensions.swift */ = {isa = PBXFileReference; lastKnownFileType = sourcecode.swift; path = "UIStoryBoard+Extensions.swift"; sourceTree = "<group>"; };
		5BFBADFC23560AB300261621 /* FirstViewController.swift */ = {isa = PBXFileReference; lastKnownFileType = sourcecode.swift; path = FirstViewController.swift; sourceTree = "<group>"; };
		5BFBADFE23560AC400261621 /* FirstViewController.storyboard */ = {isa = PBXFileReference; lastKnownFileType = file.storyboard; path = FirstViewController.storyboard; sourceTree = "<group>"; };
		5BFBAE0023560AD400261621 /* FirstViewModel.swift */ = {isa = PBXFileReference; lastKnownFileType = sourcecode.swift; path = FirstViewModel.swift; sourceTree = "<group>"; };
		5BFBAE0223560BA200261621 /* SecondViewController.storyboard */ = {isa = PBXFileReference; lastKnownFileType = file.storyboard; path = SecondViewController.storyboard; sourceTree = "<group>"; };
		5BFBAE0423560BBF00261621 /* SecondViewController.swift */ = {isa = PBXFileReference; lastKnownFileType = sourcecode.swift; path = SecondViewController.swift; sourceTree = "<group>"; };
		5BFBAE0623560BCC00261621 /* SecondViewModel.swift */ = {isa = PBXFileReference; lastKnownFileType = sourcecode.swift; path = SecondViewModel.swift; sourceTree = "<group>"; };
		5BFBAE0823560C2500261621 /* ThirdViewController.storyboard */ = {isa = PBXFileReference; lastKnownFileType = file.storyboard; path = ThirdViewController.storyboard; sourceTree = "<group>"; };
		5BFBAE0A23560C3400261621 /* ThirdViewController.swift */ = {isa = PBXFileReference; lastKnownFileType = sourcecode.swift; path = ThirdViewController.swift; sourceTree = "<group>"; };
		5BFBAE0C23560C5B00261621 /* ThirdViewModel.swift */ = {isa = PBXFileReference; lastKnownFileType = sourcecode.swift; path = ThirdViewModel.swift; sourceTree = "<group>"; };
		5BFBAE0F23560CD700261621 /* ForthViewController.storyboard */ = {isa = PBXFileReference; lastKnownFileType = file.storyboard; path = ForthViewController.storyboard; sourceTree = "<group>"; };
		5BFBAE1123560CE300261621 /* ForthViewController.swift */ = {isa = PBXFileReference; lastKnownFileType = sourcecode.swift; path = ForthViewController.swift; sourceTree = "<group>"; };
		5BFBAE1323560D1B00261621 /* ForthViewModel.swift */ = {isa = PBXFileReference; lastKnownFileType = sourcecode.swift; path = ForthViewModel.swift; sourceTree = "<group>"; };
		5BFBAE1923561AF600261621 /* TabBarViewController.storyboard */ = {isa = PBXFileReference; lastKnownFileType = file.storyboard; path = TabBarViewController.storyboard; sourceTree = "<group>"; };
/* End PBXFileReference section */

/* Begin PBXFrameworksBuildPhase section */
		5BB189F8234375ED00E4136D /* Frameworks */ = {
			isa = PBXFrameworksBuildPhase;
			buildActionMask = 2147483647;
			files = (
				5BE177D823437F05008015BE /* BoringSSL-GRPC.framework in Frameworks */,
				5BE177D923437F05008015BE /* gRPC-C++.framework in Frameworks */,
				5BE177DA23437F05008015BE /* RxCocoa.framework in Frameworks */,
				5BE177DB23437F05008015BE /* RxSwift.framework in Frameworks */,
				5BE177DC23437F05008015BE /* FirebaseFunctions.framework in Frameworks */,
				5BE177DD23437F05008015BE /* Alamofire.framework in Frameworks */,
				5BE177DE23437F05008015BE /* Stripe.framework in Frameworks */,
				5BE177DF23437F05008015BE /* leveldb-library.framework in Frameworks */,
				5BE177E023437F05008015BE /* FirebaseFirestore.framework in Frameworks */,
				5BE177E123437F05008015BE /* RxRelay.framework in Frameworks */,
				5BE177E223437F05008015BE /* Protobuf.framework in Frameworks */,
				5BE177E323437F05008015BE /* gRPC-Core.framework in Frameworks */,
				5BE177E423437F05008015BE /* GTMSessionFetcher.framework in Frameworks */,
			);
			runOnlyForDeploymentPostprocessing = 0;
		};
		5BB18A0C234375EF00E4136D /* Frameworks */ = {
			isa = PBXFrameworksBuildPhase;
			buildActionMask = 2147483647;
			files = (
				5B87D7CC2349FF5300501EE3 /* RxTest.framework in Frameworks */,
				5B87D7CD2349FF5300501EE3 /* RxBlocking.framework in Frameworks */,
			);
			runOnlyForDeploymentPostprocessing = 0;
		};
/* End PBXFrameworksBuildPhase section */

/* Begin PBXGroup section */
		5BB189F2234375ED00E4136D = {
			isa = PBXGroup;
			children = (
				5BE177E623438030008015BE /* input.xcfilelist */,
				5BE177E723438041008015BE /* output.xcfilelist */,
				5B87D7C82349FE5600501EE3 /* testInput.xcfilelist */,
				5B87D7C92349FE6800501EE3 /* testOutput.xcfilelist */,
				5BB189FD234375ED00E4136D /* YouTuberBusters */,
				5BB18A12234375EF00E4136D /* YouTuberBustersTests */,
				5BB189FC234375ED00E4136D /* Products */,
				5BE177CA23437F05008015BE /* Frameworks */,
			);
			sourceTree = "<group>";
		};
		5BB189FC234375ED00E4136D /* Products */ = {
			isa = PBXGroup;
			children = (
				5BB189FB234375ED00E4136D /* YouTuberBusters.app */,
				5BB18A0F234375EF00E4136D /* YouTuberBustersTests.xctest */,
			);
			name = Products;
			sourceTree = "<group>";
		};
		5BB189FD234375ED00E4136D /* YouTuberBusters */ = {
			isa = PBXGroup;
			children = (
				5BFBADF4235607E500261621 /* Extensions */,
				5BFBADEF2356070D00261621 /* Common */,
				5BFBADE42356066200261621 /* Launch */,
				5BFBADE9235606C500261621 /* Home */,
				5BFBADF923560A5000261621 /* First */,
				5BFBADFA23560A5D00261621 /* Second */,
				5BFBADFB23560A7000261621 /* Third */,
				5BFBAE0E23560C7600261621 /* Forth */,
				5BB189FE234375ED00E4136D /* AppDelegate.swift */,
				5BB18A05234375EF00E4136D /* Assets.xcassets */,
				5BB18A07234375EF00E4136D /* LaunchScreen.storyboard */,
				5BB18A0A234375EF00E4136D /* Info.plist */,
			);
			path = YouTuberBusters;
			sourceTree = "<group>";
		};
		5BB18A12234375EF00E4136D /* YouTuberBustersTests */ = {
			isa = PBXGroup;
			children = (
				5BB18A13234375EF00E4136D /* YouTuberBustersTests.swift */,
				5BB18A15234375EF00E4136D /* Info.plist */,
			);
			path = YouTuberBustersTests;
			sourceTree = "<group>";
		};
		5BE177CA23437F05008015BE /* Frameworks */ = {
			isa = PBXGroup;
			children = (
				5B87D7CB2349FF5300501EE3 /* RxBlocking.framework */,
				5B87D7CA2349FF5300501EE3 /* RxTest.framework */,
				5BE177D023437F05008015BE /* Alamofire.framework */,
				5BE177CB23437F05008015BE /* BoringSSL-GRPC.framework */,
				5BE177D323437F05008015BE /* FirebaseFirestore.framework */,
				5BE177CF23437F05008015BE /* FirebaseFunctions.framework */,
				5BE177CC23437F05008015BE /* gRPC-C++.framework */,
				5BE177D623437F05008015BE /* gRPC-Core.framework */,
				5BE177D723437F05008015BE /* GTMSessionFetcher.framework */,
				5BE177D223437F05008015BE /* leveldb-library.framework */,
				5BE177D523437F05008015BE /* Protobuf.framework */,
				5BE177CD23437F05008015BE /* RxCocoa.framework */,
				5BE177D423437F05008015BE /* RxRelay.framework */,
				5BE177CE23437F05008015BE /* RxSwift.framework */,
				5BE177D123437F05008015BE /* Stripe.framework */,
			);
			name = Frameworks;
			sourceTree = "<group>";
		};
		5BFBADE42356066200261621 /* Launch */ = {
			isa = PBXGroup;
			children = (
				5BFBADE7235606BC00261621 /* LaunchViewController.storyboard */,
				5BFBADE5235606A700261621 /* LaunchViewController.swift */,
			);
			path = Launch;
			sourceTree = "<group>";
		};
		5BFBADE9235606C500261621 /* Home */ = {
			isa = PBXGroup;
			children = (
				5BFBADEA235606E000261621 /* HomeViewController.storyboard */,
				5BFBADEC235606F100261621 /* HomeViewController.swift */,
				5BFBADF22356079900261621 /* HomeViewModel.swift */,
			);
			path = Home;
			sourceTree = "<group>";
		};
		5BFBADEF2356070D00261621 /* Common */ = {
			isa = PBXGroup;
			children = (
				5BFBADF02356073D00261621 /* TabBarViewController.swift */,
				5BFBAE1923561AF600261621 /* TabBarViewController.storyboard */,
			);
			path = Common;
			sourceTree = "<group>";
		};
		5BFBADF4235607E500261621 /* Extensions */ = {
			isa = PBXGroup;
			children = (
				5BFBADF5235607FB00261621 /* NSObjectProtcol+Extensions.swift */,
				5BFBADF72356082200261621 /* UIStoryBoard+Extensions.swift */,
			);
			path = Extensions;
			sourceTree = "<group>";
		};
		5BFBADF923560A5000261621 /* First */ = {
			isa = PBXGroup;
			children = (
				5BFBADFE23560AC400261621 /* FirstViewController.storyboard */,
				5BFBADFC23560AB300261621 /* FirstViewController.swift */,
				5BFBAE0023560AD400261621 /* FirstViewModel.swift */,
			);
			path = First;
			sourceTree = "<group>";
		};
		5BFBADFA23560A5D00261621 /* Second */ = {
			isa = PBXGroup;
			children = (
				5BFBAE0223560BA200261621 /* SecondViewController.storyboard */,
				5BFBAE0423560BBF00261621 /* SecondViewController.swift */,
				5BFBAE0623560BCC00261621 /* SecondViewModel.swift */,
			);
			path = Second;
			sourceTree = "<group>";
		};
		5BFBADFB23560A7000261621 /* Third */ = {
			isa = PBXGroup;
			children = (
				5BFBAE0823560C2500261621 /* ThirdViewController.storyboard */,
				5BFBAE0A23560C3400261621 /* ThirdViewController.swift */,
				5BFBAE0C23560C5B00261621 /* ThirdViewModel.swift */,
			);
			path = Third;
			sourceTree = "<group>";
		};
		5BFBAE0E23560C7600261621 /* Forth */ = {
			isa = PBXGroup;
			children = (
				5BFBAE0F23560CD700261621 /* ForthViewController.storyboard */,
				5BFBAE1123560CE300261621 /* ForthViewController.swift */,
				5BFBAE1323560D1B00261621 /* ForthViewModel.swift */,
			);
			path = Forth;
			sourceTree = "<group>";
		};
/* End PBXGroup section */

/* Begin PBXNativeTarget section */
		5BB189FA234375ED00E4136D /* YouTuberBusters */ = {
			isa = PBXNativeTarget;
			buildConfigurationList = 5BB18A18234375EF00E4136D /* Build configuration list for PBXNativeTarget "YouTuberBusters" */;
			buildPhases = (
				5BB189F7234375ED00E4136D /* Sources */,
				5BB189F8234375ED00E4136D /* Frameworks */,
				5BB189F9234375ED00E4136D /* Resources */,
				5BE177E523437F1F008015BE /* Carthage */,
			);
			buildRules = (
			);
			dependencies = (
			);
			name = YouTuberBusters;
			productName = YouTuberBusters;
			productReference = 5BB189FB234375ED00E4136D /* YouTuberBusters.app */;
			productType = "com.apple.product-type.application";
		};
		5BB18A0E234375EF00E4136D /* YouTuberBustersTests */ = {
			isa = PBXNativeTarget;
			buildConfigurationList = 5BB18A1B234375EF00E4136D /* Build configuration list for PBXNativeTarget "YouTuberBustersTests" */;
			buildPhases = (
				5BB18A0B234375EF00E4136D /* Sources */,
				5BB18A0C234375EF00E4136D /* Frameworks */,
				5BB18A0D234375EF00E4136D /* Resources */,
				5B87D7C72349FDCB00501EE3 /* Carthage */,
			);
			buildRules = (
			);
			dependencies = (
				5BB18A11234375EF00E4136D /* PBXTargetDependency */,
			);
			name = YouTuberBustersTests;
			productName = YouTuberBustersTests;
			productReference = 5BB18A0F234375EF00E4136D /* YouTuberBustersTests.xctest */;
			productType = "com.apple.product-type.bundle.unit-test";
		};
/* End PBXNativeTarget section */

/* Begin PBXProject section */
		5BB189F3234375ED00E4136D /* Project object */ = {
			isa = PBXProject;
			attributes = {
				LastSwiftUpdateCheck = 1030;
				LastUpgradeCheck = 1030;
				ORGANIZATIONNAME = "Iichiro Kawashima";
				TargetAttributes = {
					5BB189FA234375ED00E4136D = {
						CreatedOnToolsVersion = 10.3;
					};
					5BB18A0E234375EF00E4136D = {
						CreatedOnToolsVersion = 10.3;
						TestTargetID = 5BB189FA234375ED00E4136D;
					};
				};
			};
			buildConfigurationList = 5BB189F6234375ED00E4136D /* Build configuration list for PBXProject "YouTuberBusters" */;
			compatibilityVersion = "Xcode 9.3";
			developmentRegion = en;
			hasScannedForEncodings = 0;
			knownRegions = (
				en,
				Base,
			);
			mainGroup = 5BB189F2234375ED00E4136D;
			productRefGroup = 5BB189FC234375ED00E4136D /* Products */;
			projectDirPath = "";
			projectRoot = "";
			targets = (
				5BB189FA234375ED00E4136D /* YouTuberBusters */,
				5BB18A0E234375EF00E4136D /* YouTuberBustersTests */,
			);
		};
/* End PBXProject section */

/* Begin PBXResourcesBuildPhase section */
		5BB189F9234375ED00E4136D /* Resources */ = {
			isa = PBXResourcesBuildPhase;
			buildActionMask = 2147483647;
			files = (
				5BFBADEB235606E000261621 /* HomeViewController.storyboard in Resources */,
				5BFBAE0323560BA200261621 /* SecondViewController.storyboard in Resources */,
				5BFBADFF23560AC400261621 /* FirstViewController.storyboard in Resources */,
				5BFBAE1A23561AF600261621 /* TabBarViewController.storyboard in Resources */,
				5BB18A09234375EF00E4136D /* LaunchScreen.storyboard in Resources */,
				5BB18A06234375EF00E4136D /* Assets.xcassets in Resources */,
				5BFBAE0923560C2500261621 /* ThirdViewController.storyboard in Resources */,
				5BFBADE8235606BC00261621 /* LaunchViewController.storyboard in Resources */,
				5BFBAE1023560CD700261621 /* ForthViewController.storyboard in Resources */,
			);
			runOnlyForDeploymentPostprocessing = 0;
		};
		5BB18A0D234375EF00E4136D /* Resources */ = {
			isa = PBXResourcesBuildPhase;
			buildActionMask = 2147483647;
			files = (
			);
			runOnlyForDeploymentPostprocessing = 0;
		};
/* End PBXResourcesBuildPhase section */

/* Begin PBXShellScriptBuildPhase section */
		5B87D7C72349FDCB00501EE3 /* Carthage */ = {
			isa = PBXShellScriptBuildPhase;
			buildActionMask = 2147483647;
			files = (
			);
			inputFileListPaths = (
				"$(SRCROOT)/testInput.xcfilelist",
			);
			inputPaths = (
			);
			name = Carthage;
			outputFileListPaths = (
				"$(SRCROOT)/testOutput.xcfilelist",
			);
			outputPaths = (
			);
			runOnlyForDeploymentPostprocessing = 0;
			shellPath = /bin/sh;
			shellScript = "# Type a script or drag a script file from your workspace to insert its path.\n/usr/local/bin/carthage copy-frameworks\n";
		};
		5BE177E523437F1F008015BE /* Carthage */ = {
			isa = PBXShellScriptBuildPhase;
			buildActionMask = 2147483647;
			files = (
			);
			inputFileListPaths = (
				"$(SRCROOT)/input.xcfilelist",
			);
			inputPaths = (
			);
			name = Carthage;
			outputFileListPaths = (
				"$(SRCROOT)/output.xcfilelist",
			);
			outputPaths = (
			);
			runOnlyForDeploymentPostprocessing = 0;
			shellPath = /bin/sh;
			shellScript = "# Type a script or drag a script file from your workspace to insert its path.\n/usr/local/bin/carthage copy-frameworks\n";
		};
/* End PBXShellScriptBuildPhase section */

/* Begin PBXSourcesBuildPhase section */
		5BB189F7234375ED00E4136D /* Sources */ = {
			isa = PBXSourcesBuildPhase;
			buildActionMask = 2147483647;
			files = (
				5BFBADF12356073D00261621 /* TabBarViewController.swift in Sources */,
				5BB189FF234375ED00E4136D /* AppDelegate.swift in Sources */,
				5BFBADF6235607FB00261621 /* NSObjectProtcol+Extensions.swift in Sources */,
				5BFBADFD23560AB300261621 /* FirstViewController.swift in Sources */,
				5BFBADE6235606A700261621 /* LaunchViewController.swift in Sources */,
				5BFBADF82356082200261621 /* UIStoryBoard+Extensions.swift in Sources */,
				5BFBADF32356079900261621 /* HomeViewModel.swift in Sources */,
				5BFBAE0D23560C5B00261621 /* ThirdViewModel.swift in Sources */,
				5BFBAE1423560D1B00261621 /* ForthViewModel.swift in Sources */,
				5BFBAE0723560BCC00261621 /* SecondViewModel.swift in Sources */,
				5BFBAE0123560AD400261621 /* FirstViewModel.swift in Sources */,
				5BFBAE1223560CE300261621 /* ForthViewController.swift in Sources */,
				5BFBAE0523560BBF00261621 /* SecondViewController.swift in Sources */,
				5BFBAE0B23560C3400261621 /* ThirdViewController.swift in Sources */,
				5BFBADED235606F100261621 /* HomeViewController.swift in Sources */,
			);
			runOnlyForDeploymentPostprocessing = 0;
		};
		5BB18A0B234375EF00E4136D /* Sources */ = {
			isa = PBXSourcesBuildPhase;
			buildActionMask = 2147483647;
			files = (
				5BB18A14234375EF00E4136D /* YouTuberBustersTests.swift in Sources */,
			);
			runOnlyForDeploymentPostprocessing = 0;
		};
/* End PBXSourcesBuildPhase section */

/* Begin PBXTargetDependency section */
		5BB18A11234375EF00E4136D /* PBXTargetDependency */ = {
			isa = PBXTargetDependency;
			target = 5BB189FA234375ED00E4136D /* YouTuberBusters */;
			targetProxy = 5BB18A10234375EF00E4136D /* PBXContainerItemProxy */;
		};
/* End PBXTargetDependency section */

/* Begin PBXVariantGroup section */
		5BB18A07234375EF00E4136D /* LaunchScreen.storyboard */ = {
			isa = PBXVariantGroup;
			children = (
				5BB18A08234375EF00E4136D /* Base */,
			);
			name = LaunchScreen.storyboard;
			sourceTree = "<group>";
		};
/* End PBXVariantGroup section */

/* Begin XCBuildConfiguration section */
		5BB18A16234375EF00E4136D /* Debug */ = {
			isa = XCBuildConfiguration;
			buildSettings = {
				ALWAYS_SEARCH_USER_PATHS = NO;
				CLANG_ANALYZER_NONNULL = YES;
				CLANG_ANALYZER_NUMBER_OBJECT_CONVERSION = YES_AGGRESSIVE;
				CLANG_CXX_LANGUAGE_STANDARD = "gnu++14";
				CLANG_CXX_LIBRARY = "libc++";
				CLANG_ENABLE_MODULES = YES;
				CLANG_ENABLE_OBJC_ARC = YES;
				CLANG_ENABLE_OBJC_WEAK = YES;
				CLANG_WARN_BLOCK_CAPTURE_AUTORELEASING = YES;
				CLANG_WARN_BOOL_CONVERSION = YES;
				CLANG_WARN_COMMA = YES;
				CLANG_WARN_CONSTANT_CONVERSION = YES;
				CLANG_WARN_DEPRECATED_OBJC_IMPLEMENTATIONS = YES;
				CLANG_WARN_DIRECT_OBJC_ISA_USAGE = YES_ERROR;
				CLANG_WARN_DOCUMENTATION_COMMENTS = YES;
				CLANG_WARN_EMPTY_BODY = YES;
				CLANG_WARN_ENUM_CONVERSION = YES;
				CLANG_WARN_INFINITE_RECURSION = YES;
				CLANG_WARN_INT_CONVERSION = YES;
				CLANG_WARN_NON_LITERAL_NULL_CONVERSION = YES;
				CLANG_WARN_OBJC_IMPLICIT_RETAIN_SELF = YES;
				CLANG_WARN_OBJC_LITERAL_CONVERSION = YES;
				CLANG_WARN_OBJC_ROOT_CLASS = YES_ERROR;
				CLANG_WARN_RANGE_LOOP_ANALYSIS = YES;
				CLANG_WARN_STRICT_PROTOTYPES = YES;
				CLANG_WARN_SUSPICIOUS_MOVE = YES;
				CLANG_WARN_UNGUARDED_AVAILABILITY = YES_AGGRESSIVE;
				CLANG_WARN_UNREACHABLE_CODE = YES;
				CLANG_WARN__DUPLICATE_METHOD_MATCH = YES;
				CODE_SIGN_IDENTITY = "iPhone Developer";
				COPY_PHASE_STRIP = NO;
				DEBUG_INFORMATION_FORMAT = dwarf;
				ENABLE_STRICT_OBJC_MSGSEND = YES;
				ENABLE_TESTABILITY = YES;
				GCC_C_LANGUAGE_STANDARD = gnu11;
				GCC_DYNAMIC_NO_PIC = NO;
				GCC_NO_COMMON_BLOCKS = YES;
				GCC_OPTIMIZATION_LEVEL = 0;
				GCC_PREPROCESSOR_DEFINITIONS = (
					"DEBUG=1",
					"$(inherited)",
				);
				GCC_WARN_64_TO_32_BIT_CONVERSION = YES;
				GCC_WARN_ABOUT_RETURN_TYPE = YES_ERROR;
				GCC_WARN_UNDECLARED_SELECTOR = YES;
				GCC_WARN_UNINITIALIZED_AUTOS = YES_AGGRESSIVE;
				GCC_WARN_UNUSED_FUNCTION = YES;
				GCC_WARN_UNUSED_VARIABLE = YES;
				IPHONEOS_DEPLOYMENT_TARGET = 12.4;
				MTL_ENABLE_DEBUG_INFO = INCLUDE_SOURCE;
				MTL_FAST_MATH = YES;
				ONLY_ACTIVE_ARCH = YES;
				SDKROOT = iphoneos;
				SWIFT_ACTIVE_COMPILATION_CONDITIONS = DEBUG;
				SWIFT_OPTIMIZATION_LEVEL = "-Onone";
			};
			name = Debug;
		};
		5BB18A17234375EF00E4136D /* Release */ = {
			isa = XCBuildConfiguration;
			buildSettings = {
				ALWAYS_SEARCH_USER_PATHS = NO;
				CLANG_ANALYZER_NONNULL = YES;
				CLANG_ANALYZER_NUMBER_OBJECT_CONVERSION = YES_AGGRESSIVE;
				CLANG_CXX_LANGUAGE_STANDARD = "gnu++14";
				CLANG_CXX_LIBRARY = "libc++";
				CLANG_ENABLE_MODULES = YES;
				CLANG_ENABLE_OBJC_ARC = YES;
				CLANG_ENABLE_OBJC_WEAK = YES;
				CLANG_WARN_BLOCK_CAPTURE_AUTORELEASING = YES;
				CLANG_WARN_BOOL_CONVERSION = YES;
				CLANG_WARN_COMMA = YES;
				CLANG_WARN_CONSTANT_CONVERSION = YES;
				CLANG_WARN_DEPRECATED_OBJC_IMPLEMENTATIONS = YES;
				CLANG_WARN_DIRECT_OBJC_ISA_USAGE = YES_ERROR;
				CLANG_WARN_DOCUMENTATION_COMMENTS = YES;
				CLANG_WARN_EMPTY_BODY = YES;
				CLANG_WARN_ENUM_CONVERSION = YES;
				CLANG_WARN_INFINITE_RECURSION = YES;
				CLANG_WARN_INT_CONVERSION = YES;
				CLANG_WARN_NON_LITERAL_NULL_CONVERSION = YES;
				CLANG_WARN_OBJC_IMPLICIT_RETAIN_SELF = YES;
				CLANG_WARN_OBJC_LITERAL_CONVERSION = YES;
				CLANG_WARN_OBJC_ROOT_CLASS = YES_ERROR;
				CLANG_WARN_RANGE_LOOP_ANALYSIS = YES;
				CLANG_WARN_STRICT_PROTOTYPES = YES;
				CLANG_WARN_SUSPICIOUS_MOVE = YES;
				CLANG_WARN_UNGUARDED_AVAILABILITY = YES_AGGRESSIVE;
				CLANG_WARN_UNREACHABLE_CODE = YES;
				CLANG_WARN__DUPLICATE_METHOD_MATCH = YES;
				CODE_SIGN_IDENTITY = "iPhone Developer";
				COPY_PHASE_STRIP = NO;
				DEBUG_INFORMATION_FORMAT = "dwarf-with-dsym";
				ENABLE_NS_ASSERTIONS = NO;
				ENABLE_STRICT_OBJC_MSGSEND = YES;
				GCC_C_LANGUAGE_STANDARD = gnu11;
				GCC_NO_COMMON_BLOCKS = YES;
				GCC_WARN_64_TO_32_BIT_CONVERSION = YES;
				GCC_WARN_ABOUT_RETURN_TYPE = YES_ERROR;
				GCC_WARN_UNDECLARED_SELECTOR = YES;
				GCC_WARN_UNINITIALIZED_AUTOS = YES_AGGRESSIVE;
				GCC_WARN_UNUSED_FUNCTION = YES;
				GCC_WARN_UNUSED_VARIABLE = YES;
				IPHONEOS_DEPLOYMENT_TARGET = 12.4;
				MTL_ENABLE_DEBUG_INFO = NO;
				MTL_FAST_MATH = YES;
				SDKROOT = iphoneos;
				SWIFT_COMPILATION_MODE = wholemodule;
				SWIFT_OPTIMIZATION_LEVEL = "-O";
				VALIDATE_PRODUCT = YES;
			};
			name = Release;
		};
		5BB18A19234375EF00E4136D /* Debug */ = {
			isa = XCBuildConfiguration;
			buildSettings = {
				ASSETCATALOG_COMPILER_APPICON_NAME = AppIcon;
				CODE_SIGN_STYLE = Automatic;
				DEVELOPMENT_TEAM = PGP7B8YQAS;
				FRAMEWORK_SEARCH_PATHS = (
					"$(inherited)",
					"$(PROJECT_DIR)/Carthage/Build/iOS",
				);
				INFOPLIST_FILE = YouTuberBusters/Info.plist;
				LD_RUNPATH_SEARCH_PATHS = (
					"$(inherited)",
					"@executable_path/Frameworks",
				);
				PRODUCT_BUNDLE_IDENTIFIER = com.IichiroKawashima.YouTuberBusters;
				PRODUCT_NAME = "$(TARGET_NAME)";
				SWIFT_VERSION = 5.0;
				TARGETED_DEVICE_FAMILY = "1,2";
			};
			name = Debug;
		};
		5BB18A1A234375EF00E4136D /* Release */ = {
			isa = XCBuildConfiguration;
			buildSettings = {
				ASSETCATALOG_COMPILER_APPICON_NAME = AppIcon;
				CODE_SIGN_STYLE = Automatic;
				DEVELOPMENT_TEAM = PGP7B8YQAS;
				FRAMEWORK_SEARCH_PATHS = (
					"$(inherited)",
					"$(PROJECT_DIR)/Carthage/Build/iOS",
				);
				INFOPLIST_FILE = YouTuberBusters/Info.plist;
				LD_RUNPATH_SEARCH_PATHS = (
					"$(inherited)",
					"@executable_path/Frameworks",
				);
				PRODUCT_BUNDLE_IDENTIFIER = com.IichiroKawashima.YouTuberBusters;
				PRODUCT_NAME = "$(TARGET_NAME)";
				SWIFT_VERSION = 5.0;
				TARGETED_DEVICE_FAMILY = "1,2";
			};
			name = Release;
		};
		5BB18A1C234375EF00E4136D /* Debug */ = {
			isa = XCBuildConfiguration;
			buildSettings = {
				ALWAYS_EMBED_SWIFT_STANDARD_LIBRARIES = YES;
				BUNDLE_LOADER = "$(TEST_HOST)";
				CODE_SIGN_STYLE = Automatic;
				DEVELOPMENT_TEAM = PGP7B8YQAS;
				FRAMEWORK_SEARCH_PATHS = (
					"$(inherited)",
					"$(PROJECT_DIR)/Carthage/Build/iOS",
				);
				INFOPLIST_FILE = YouTuberBustersTests/Info.plist;
				LD_RUNPATH_SEARCH_PATHS = (
					"$(inherited)",
					"@executable_path/Frameworks",
					"@loader_path/Frameworks",
				);
				PRODUCT_BUNDLE_IDENTIFIER = com.IichiroKawashima.YouTuberBustersTests;
				PRODUCT_NAME = "$(TARGET_NAME)";
				SWIFT_VERSION = 5.0;
				TARGETED_DEVICE_FAMILY = "1,2";
				TEST_HOST = "$(BUILT_PRODUCTS_DIR)/YouTuberBusters.app/YouTuberBusters";
			};
			name = Debug;
		};
		5BB18A1D234375EF00E4136D /* Release */ = {
			isa = XCBuildConfiguration;
			buildSettings = {
				ALWAYS_EMBED_SWIFT_STANDARD_LIBRARIES = YES;
				BUNDLE_LOADER = "$(TEST_HOST)";
				CODE_SIGN_STYLE = Automatic;
				DEVELOPMENT_TEAM = PGP7B8YQAS;
				FRAMEWORK_SEARCH_PATHS = (
					"$(inherited)",
					"$(PROJECT_DIR)/Carthage/Build/iOS",
				);
				INFOPLIST_FILE = YouTuberBustersTests/Info.plist;
				LD_RUNPATH_SEARCH_PATHS = (
					"$(inherited)",
					"@executable_path/Frameworks",
					"@loader_path/Frameworks",
				);
				PRODUCT_BUNDLE_IDENTIFIER = com.IichiroKawashima.YouTuberBustersTests;
				PRODUCT_NAME = "$(TARGET_NAME)";
				SWIFT_VERSION = 5.0;
				TARGETED_DEVICE_FAMILY = "1,2";
				TEST_HOST = "$(BUILT_PRODUCTS_DIR)/YouTuberBusters.app/YouTuberBusters";
			};
			name = Release;
		};
/* End XCBuildConfiguration section */

/* Begin XCConfigurationList section */
		5BB189F6234375ED00E4136D /* Build configuration list for PBXProject "YouTuberBusters" */ = {
			isa = XCConfigurationList;
			buildConfigurations = (
				5BB18A16234375EF00E4136D /* Debug */,
				5BB18A17234375EF00E4136D /* Release */,
			);
			defaultConfigurationIsVisible = 0;
			defaultConfigurationName = Release;
		};
		5BB18A18234375EF00E4136D /* Build configuration list for PBXNativeTarget "YouTuberBusters" */ = {
			isa = XCConfigurationList;
			buildConfigurations = (
				5BB18A19234375EF00E4136D /* Debug */,
				5BB18A1A234375EF00E4136D /* Release */,
			);
			defaultConfigurationIsVisible = 0;
			defaultConfigurationName = Release;
		};
		5BB18A1B234375EF00E4136D /* Build configuration list for PBXNativeTarget "YouTuberBustersTests" */ = {
			isa = XCConfigurationList;
			buildConfigurations = (
				5BB18A1C234375EF00E4136D /* Debug */,
				5BB18A1D234375EF00E4136D /* Release */,
			);
			defaultConfigurationIsVisible = 0;
			defaultConfigurationName = Release;
		};
/* End XCConfigurationList section */
	};
	rootObject = 5BB189F3234375ED00E4136D /* Project object */;
}
